
Microsoft Visual Studio Solution File, Format Version 12.00
# Visual Studio Version 16
VisualStudioVersion = 16.0.30907.101
MinimumVisualStudioVersion = 10.0.40219.1
Project("{9A19103F-16F7-4668-BE54-9A1E7A4F7556}") = "Test2", "Test2\Test2.csproj", "{96AA42A7-6E21-48B8-ABDF-81B2F8668038}"
EndProject
Global
	GlobalSection(SolutionConfigurationPlatforms) = preSolution
		Debug|Any CPU = Debug|Any CPU
		Release|Any CPU = Release|Any CPU
	EndGlobalSection
	GlobalSection(ProjectConfigurationPlatforms) = postSolution
		{96AA42A7-6E21-48B8-ABDF-81B2F8668038}.Debug|Any CPU.ActiveCfg = Debug|Any CPU
		{96AA42A7-6E21-48B8-ABDF-81B2F8668038}.Debug|Any CPU.Build.0 = Debug|Any CPU
		{96AA42A7-6E21-48B8-ABDF-81B2F8668038}.Release|Any CPU.ActiveCfg = Release|Any CPU
		{96AA42A7-6E21-48B8-ABDF-81B2F8668038}.Release|Any CPU.Build.0 = Release|Any CPU
	EndGlobalSection
	GlobalSection(SolutionProperties) = preSolution
		HideSolutionNode = FALSE
	EndGlobalSection
	GlobalSection(ExtensibilityGlobals) = postSolution
		SolutionGuid = {CCAD1DB2-6E7E-4FA9-956E-5E3EA231BBE3}
	EndGlobalSection
EndGlobal
